# THIS IS AN AUTOGENERATED FILE. DO NOT EDIT THIS FILE DIRECTLY.
# yarn lockfile v1


"@types/graphql@^14.0.3":
  version "14.0.3"
  resolved "https://registry.yarnpkg.com/@types/graphql/-/graphql-14.0.3.tgz#389e2e5b83ecdb376d9f98fae2094297bc112c1c"
  integrity sha512-TcFkpEjcQK7w8OcrQcd7iIBPjU0rdyi3ldj6d0iJ4PPSzbWqPBvXj9KSwO14hTOX2dm9RoiH7VuxksJLNYdXUQ==

"@types/lodash.merge@^4.6.4":
  version "4.6.4"
  resolved "https://registry.yarnpkg.com/@types/lodash.merge/-/lodash.merge-4.6.4.tgz#0eaae4c82b82d0426612ba929f53edafe5402c58"
  integrity sha512-usLWpRAicaNbx0VfNDREEgGWvp88inclJLXLJ3NpT83eUE4O05LJdYNRTofHq6pb/NiMZjzNVJHdgPvPzMfu6g==
  dependencies:
    "@types/lodash" "*"

"@types/lodash@*":
  version "4.14.118"
  resolved "https://registry.yarnpkg.com/@types/lodash/-/lodash-4.14.118.tgz#247bab39bfcc6d910d4927c6e06cbc70ec376f27"
  integrity sha512-iiJbKLZbhSa6FYRip/9ZDX6HXhayXLDGY2Fqws9cOkEQ6XeKfaxB0sC541mowZJueYyMnVUmmG+al5/4fCDrgw==

dataloader@^1.4.0:
  version "1.4.0"
  resolved "https://registry.yarnpkg.com/dataloader/-/dataloader-1.4.0.tgz#bca11d867f5d3f1b9ed9f737bd15970c65dff5c8"
  integrity sha512-68s5jYdlvasItOJnCuI2Q9s4q98g0pCyL3HrcKJu8KNugUl8ahgmZYg38ysLTgQjjXX3H8CJLkAvWrclWfcalw==

graphql@^14.0.2:
  version "14.0.2"
  resolved "https://registry.yarnpkg.com/graphql/-/graphql-14.0.2.tgz#7dded337a4c3fd2d075692323384034b357f5650"
  integrity sha512-gUC4YYsaiSJT1h40krG3J+USGlwhzNTXSb4IOZljn9ag5Tj+RkoXrWp+Kh7WyE3t1NCfab5kzCuxBIvOMERMXw==
  dependencies:
    iterall "^1.2.2"

iterall@^1.2.2:
  version "1.2.2"
  resolved "https://registry.yarnpkg.com/iterall/-/iterall-1.2.2.tgz#92d70deb8028e0c39ff3164fdbf4d8b088130cd7"
  integrity sha512-yynBb1g+RFUPY64fTrFv7nsjRrENBQJaX2UL+2Szc9REFrSNm1rpSXHGzhmAy7a9uv3vlvgBlXnf9RqmPH1/DA==

lodash.merge@^4.6.1:
  version "4.6.1"
  resolved "https://registry.yarnpkg.com/lodash.merge/-/lodash.merge-4.6.1.tgz#adc25d9cb99b9391c59624f379fbba60d7111d54"
  integrity sha512-AOYza4+Hf5z1/0Hztxpm2/xiPZgi/cjMqdnKTUWTBSKchJlxXXuUSxCCl8rJlf4g6yww/j6mA8nC8Hw/EZWxKQ==
